{
  "dependencies": {
    "github": {
      "version": "0.1.8"
    },
<<<<<<< HEAD
=======
    "irc": {
      "version": "0.3.12",
      "dependencies": {
        "ansi-color": {
          "version": "0.2.1"
        },
        "irc-colors": {
          "version": "1.2.0",
          "dependencies": {
            "hashish": {
              "version": "0.0.4",
              "dependencies": {
                "traverse": {
                  "version": "0.6.6"
                }
              }
            }
          }
        }
      }
    },
>>>>>>> dev
    "redis": {
      "version": "0.8.2"
    }
  }
}
